
Microsoft Visual Studio Solution File, Format Version 12.00
# Visual Studio Version 17
VisualStudioVersion = 17.11.35222.181
MinimumVisualStudioVersion = 10.0.40219.1
Project("{9A19103F-16F7-4668-BE54-9A1E7A4F7556}") = "lab1", "lab1\lab1.csproj", "{410F43B9-ADBB-42A9-A059-74917B9649AD}"
EndProject
Project("{9A19103F-16F7-4668-BE54-9A1E7A4F7556}") = "TestOtric", "TestRectOtric\TestOtric.csproj", "{2EF42D85-D13F-4CA6-9A5A-5F47D9129CE5}"
EndProject
Project("{9A19103F-16F7-4668-BE54-9A1E7A4F7556}") = "TestWrongBorder", "TestRectWrongBorder\TestWrongBorder.csproj", "{632B13FB-F4C2-42AD-A465-6DF0AC6401BF}"
EndProject
Project("{9A19103F-16F7-4668-BE54-9A1E7A4F7556}") = "TestNormalData", "TestNormalDAtaREct\TestNormalData.csproj", "{9BE40761-551C-4047-B432-C7AFD11DB43E}"
EndProject
Global
	GlobalSection(SolutionConfigurationPlatforms) = preSolution
		Debug|Any CPU = Debug|Any CPU
		Release|Any CPU = Release|Any CPU
	EndGlobalSection
	GlobalSection(ProjectConfigurationPlatforms) = postSolution
		{410F43B9-ADBB-42A9-A059-74917B9649AD}.Debug|Any CPU.ActiveCfg = Debug|Any CPU
		{410F43B9-ADBB-42A9-A059-74917B9649AD}.Debug|Any CPU.Build.0 = Debug|Any CPU
		{410F43B9-ADBB-42A9-A059-74917B9649AD}.Release|Any CPU.ActiveCfg = Release|Any CPU
		{410F43B9-ADBB-42A9-A059-74917B9649AD}.Release|Any CPU.Build.0 = Release|Any CPU
		{2EF42D85-D13F-4CA6-9A5A-5F47D9129CE5}.Debug|Any CPU.ActiveCfg = Debug|Any CPU
		{2EF42D85-D13F-4CA6-9A5A-5F47D9129CE5}.Debug|Any CPU.Build.0 = Debug|Any CPU
		{2EF42D85-D13F-4CA6-9A5A-5F47D9129CE5}.Release|Any CPU.ActiveCfg = Release|Any CPU
		{2EF42D85-D13F-4CA6-9A5A-5F47D9129CE5}.Release|Any CPU.Build.0 = Release|Any CPU
		{632B13FB-F4C2-42AD-A465-6DF0AC6401BF}.Debug|Any CPU.ActiveCfg = Debug|Any CPU
		{632B13FB-F4C2-42AD-A465-6DF0AC6401BF}.Debug|Any CPU.Build.0 = Debug|Any CPU
		{632B13FB-F4C2-42AD-A465-6DF0AC6401BF}.Release|Any CPU.ActiveCfg = Release|Any CPU
		{632B13FB-F4C2-42AD-A465-6DF0AC6401BF}.Release|Any CPU.Build.0 = Release|Any CPU
		{9BE40761-551C-4047-B432-C7AFD11DB43E}.Debug|Any CPU.ActiveCfg = Debug|Any CPU
		{9BE40761-551C-4047-B432-C7AFD11DB43E}.Debug|Any CPU.Build.0 = Debug|Any CPU
		{9BE40761-551C-4047-B432-C7AFD11DB43E}.Release|Any CPU.ActiveCfg = Release|Any CPU
		{9BE40761-551C-4047-B432-C7AFD11DB43E}.Release|Any CPU.Build.0 = Release|Any CPU
	EndGlobalSection
	GlobalSection(SolutionProperties) = preSolution
		HideSolutionNode = FALSE
	EndGlobalSection
	GlobalSection(ExtensibilityGlobals) = postSolution
		SolutionGuid = {A1CFC921-E75E-4467-85C8-2E9D4E580653}
	EndGlobalSection
EndGlobal
